// !$*UTF8*$!
{
	archiveVersion = 1;
	classes = {
	};
	objectVersion = 50;
	objects = {

/* Begin PBXBuildFile section */
		DF12CD1E23C765E7007BFA2B /* main.cpp in Sources */ = {isa = PBXBuildFile; fileRef = DF12CD1D23C765E7007BFA2B /* main.cpp */; };
/* End PBXBuildFile section */

/* Begin PBXCopyFilesBuildPhase section */
		DF12CD1823C765E7007BFA2B /* CopyFiles */ = {
			isa = PBXCopyFilesBuildPhase;
			buildActionMask = 2147483647;
			dstPath = /usr/share/man/man1/;
			dstSubfolderSpec = 0;
			files = (
			);
			runOnlyForDeploymentPostprocessing = 1;
		};
/* End PBXCopyFilesBuildPhase section */

/* Begin PBXFileReference section */
		B503739D2456BF0E0088FA37 /* 6236.h */ = {isa = PBXFileReference; lastKnownFileType = sourcecode.c.h; path = 6236.h; sourceTree = "<group>"; };
		B506269F23F5855100D60F33 /* 2661.h */ = {isa = PBXFileReference; lastKnownFileType = sourcecode.c.h; path = 2661.h; sourceTree = "<group>"; };
		B50650812484E20E00A0CE0A /* 12852.h */ = {isa = PBXFileReference; lastKnownFileType = sourcecode.c.h; path = 12852.h; sourceTree = "<group>"; };
		B50C6EDE243703BD003B29B7 /* 15685.h */ = {isa = PBXFileReference; lastKnownFileType = sourcecode.c.h; path = 15685.h; sourceTree = "<group>"; };
		B50C6EDF24371557003B29B7 /* 3190.h */ = {isa = PBXFileReference; lastKnownFileType = sourcecode.c.h; path = 3190.h; sourceTree = "<group>"; };
		B50C6EE024372E4F003B29B7 /* 15661.h */ = {isa = PBXFileReference; lastKnownFileType = sourcecode.c.h; path = 15661.h; sourceTree = "<group>"; };
		B50C6EE12437497C003B29B7 /* 14502.h */ = {isa = PBXFileReference; lastKnownFileType = sourcecode.c.h; path = 14502.h; sourceTree = "<group>"; };
		B50C6EE224375570003B29B7 /* 15683.h */ = {isa = PBXFileReference; lastKnownFileType = sourcecode.c.h; path = 15683.h; sourceTree = "<group>"; };
		B50C6EE324383582003B29B7 /* 15653.h */ = {isa = PBXFileReference; lastKnownFileType = sourcecode.c.h; path = 15653.h; sourceTree = "<group>"; };
		B50C6EE424386346003B29B7 /* 2667.h */ = {isa = PBXFileReference; lastKnownFileType = sourcecode.c.h; path = 2667.h; sourceTree = "<group>"; };
		B50C6EE524386B25003B29B7 /* 7576.h */ = {isa = PBXFileReference; lastKnownFileType = sourcecode.c.h; path = 7576.h; sourceTree = "<group>"; };
		B50C6EE62438789F003B29B7 /* 14226.h */ = {isa = PBXFileReference; lastKnownFileType = sourcecode.c.h; path = 14226.h; sourceTree = "<group>"; };
		B50C6EE724388AE7003B29B7 /* 13549.h */ = {isa = PBXFileReference; lastKnownFileType = sourcecode.c.h; path = 13549.h; sourceTree = "<group>"; };
		B50D317D23E31AC400193DA9 /* 1707.h */ = {isa = PBXFileReference; lastKnownFileType = sourcecode.c.h; path = 1707.h; sourceTree = "<group>"; };
		B50D317E23E3D5D500193DA9 /* 11723.h */ = {isa = PBXFileReference; lastKnownFileType = sourcecode.c.h; path = 11723.h; sourceTree = "<group>"; };
		B50E1C73243D8F3800F9465D /* 1261.h */ = {isa = PBXFileReference; lastKnownFileType = sourcecode.c.h; path = 1261.h; sourceTree = "<group>"; };
		B50E1C74243D953600F9465D /* 2206.h */ = {isa = PBXFileReference; lastKnownFileType = sourcecode.c.h; path = 2206.h; sourceTree = "<group>"; };
		B512826C23EDA801008DCAF8 /* 14500.h */ = {isa = PBXFileReference; lastKnownFileType = sourcecode.c.h; path = 14500.h; sourceTree = "<group>"; };
		B5129EF8240281980008143C /* 2512.h */ = {isa = PBXFileReference; lastKnownFileType = sourcecode.c.h; path = 2512.h; sourceTree = "<group>"; };
		B51B7663247F966A00C3E0C8 /* 1922.h */ = {isa = PBXFileReference; lastKnownFileType = sourcecode.c.h; path = 1922.h; sourceTree = "<group>"; };
		B51B7664247F9EB900C3E0C8 /* 1197.h */ = {isa = PBXFileReference; lastKnownFileType = sourcecode.c.h; path = 1197.h; sourceTree = "<group>"; };
		B51B7665247FB43A00C3E0C8 /* 2529.h */ = {isa = PBXFileReference; lastKnownFileType = sourcecode.c.h; path = 2529.h; sourceTree = "<group>"; };
		B52160C823E6C17F00B27515 /* 2873.h */ = {isa = PBXFileReference; lastKnownFileType = sourcecode.c.h; path = 2873.h; sourceTree = "<group>"; };
		B52160CA23E805CF00B27515 /* 1463.h */ = {isa = PBXFileReference; lastKnownFileType = sourcecode.c.h; path = 1463.h; sourceTree = "<group>"; };
		B52160CB23E8093200B27515 /* 14501.h */ = {isa = PBXFileReference; lastKnownFileType = sourcecode.c.h; path = 14501.h; sourceTree = "<group>"; };
		B525565123DF2AE900E14A5B /* 2875.h */ = {isa = PBXFileReference; lastKnownFileType = sourcecode.c.h; path = 2875.h; sourceTree = "<group>"; };
		B525565223E0086F00E14A5B /* 1541.h */ = {isa = PBXFileReference; lastKnownFileType = sourcecode.c.h; path = 1541.h; sourceTree = "<group>"; };
		B525FE2124989BBE002E47AE /* 1043.h */ = {isa = PBXFileReference; lastKnownFileType = sourcecode.c.h; path = 1043.h; sourceTree = "<group>"; };
		B5265F8E23EFA96300185913 /* 9019.h */ = {isa = PBXFileReference; lastKnownFileType = sourcecode.c.h; path = 9019.h; sourceTree = "<group>"; };
		B52A781623E55CD000CC166D /* 1182.h */ = {isa = PBXFileReference; lastKnownFileType = sourcecode.c.h; path = 1182.h; sourceTree = "<group>"; };
		B52A781723E56D0000CC166D /* 9663.h */ = {isa = PBXFileReference; lastKnownFileType = sourcecode.c.h; path = 9663.h; sourceTree = "<group>"; };
		B52B53C2249252FD00B2B5DD /* 1316.h */ = {isa = PBXFileReference; lastKnownFileType = sourcecode.c.h; path = 1316.h; sourceTree = "<group>"; };
		B52BA84E23D19BE2009DB460 /* 2007.h */ = {isa = PBXFileReference; lastKnownFileType = sourcecode.c.h; path = 2007.h; sourceTree = "<group>"; };
		B52BA84F23D19D61009DB460 /* MinMax.h */ = {isa = PBXFileReference; lastKnownFileType = sourcecode.c.h; path = MinMax.h; sourceTree = "<group>"; };
		B52BA85023D19E40009DB460 /* Bracket.h */ = {isa = PBXFileReference; lastKnownFileType = sourcecode.c.h; path = Bracket.h; sourceTree = "<group>"; };
		B52BA85123D1A181009DB460 /* ROT13.h */ = {isa = PBXFileReference; lastKnownFileType = sourcecode.c.h; path = ROT13.h; sourceTree = "<group>"; };
		B52BA85223D1A6F9009DB460 /* Combination0Count .h */ = {isa = PBXFileReference; lastKnownFileType = sourcecode.c.h; path = "Combination0Count .h"; sourceTree = "<group>"; };
		B52BA85323D35136009DB460 /* BaseConversion2 .h */ = {isa = PBXFileReference; lastKnownFileType = sourcecode.c.h; path = "BaseConversion2 .h"; sourceTree = "<group>"; };
		B52BA85423D4487B009DB460 /* CombinedDecomposition .h */ = {isa = PBXFileReference; lastKnownFileType = sourcecode.c.h; path = "CombinedDecomposition .h"; sourceTree = "<group>"; };
		B52BA85523D459D5009DB460 /* Add1_2_3.h */ = {isa = PBXFileReference; lastKnownFileType = sourcecode.c.h; path = Add1_2_3.h; sourceTree = "<group>"; };
		B52BD43823EC4B2E006B62D7 /* 1759.h */ = {isa = PBXFileReference; lastKnownFileType = sourcecode.c.h; path = 1759.h; sourceTree = "<group>"; };
		B52DB4932474009C00CB4864 /* 2167.h */ = {isa = PBXFileReference; lastKnownFileType = sourcecode.c.h; path = 2167.h; sourceTree = "<group>"; };
		B5325C2923D7253F00C8C575 /* 1026.h */ = {isa = PBXFileReference; lastKnownFileType = sourcecode.c.h; path = 1026.h; sourceTree = "<group>"; };
		B5325C2A23D727AC00C8C575 /* 11652.h */ = {isa = PBXFileReference; lastKnownFileType = sourcecode.c.h; path = 11652.h; sourceTree = "<group>"; };
		B533B2B92497A3AF00D2BF82 /* 16953.h */ = {isa = PBXFileReference; lastKnownFileType = sourcecode.c.h; path = 16953.h; sourceTree = "<group>"; };
		B5367BEA2487AFC700A2E59B /* 2056.h */ = {isa = PBXFileReference; lastKnownFileType = sourcecode.c.h; path = 2056.h; sourceTree = "<group>"; };
		B5367BEB2487B46000A2E59B /* 2252.h */ = {isa = PBXFileReference; lastKnownFileType = sourcecode.c.h; path = 2252.h; sourceTree = "<group>"; };
		B537E62D23DC4B7C0030FE31 /* 11047.h */ = {isa = PBXFileReference; lastKnownFileType = sourcecode.c.h; path = 11047.h; sourceTree = "<group>"; };
		B537E62E23DC4D840030FE31 /* 10974.h */ = {isa = PBXFileReference; lastKnownFileType = sourcecode.c.h; path = 10974.h; sourceTree = "<group>"; };
		B537E62F23DC51090030FE31 /* 1722.h */ = {isa = PBXFileReference; lastKnownFileType = sourcecode.c.h; path = 1722.h; sourceTree = "<group>"; };
		B54352002457F5D1001BFF05 /* 2792.h */ = {isa = PBXFileReference; lastKnownFileType = sourcecode.c.h; path = 2792.h; sourceTree = "<group>"; };
		B5556A9423E1ACA0005A4E19 /* 10610.h */ = {isa = PBXFileReference; lastKnownFileType = sourcecode.c.h; path = 10610.h; sourceTree = "<group>"; };
		B556A29723DAA71B00CE8344 /* 11403.h */ = {isa = PBXFileReference; lastKnownFileType = sourcecode.c.h; path = 11403.h; sourceTree = "<group>"; };
		B556A29923DAB3BF00CE8344 /* 2178.h */ = {isa = PBXFileReference; lastKnownFileType = sourcecode.c.h; path = 2178.h; sourceTree = "<group>"; };
		B5615DDD23F19B9B00A12491 /* 2629.h */ = {isa = PBXFileReference; lastKnownFileType = sourcecode.c.h; path = 2629.h; sourceTree = "<group>"; };
		B5633BEA2435A63E00E8C6F2 /* 14499.h */ = {isa = PBXFileReference; lastKnownFileType = sourcecode.c.h; path = 14499.h; sourceTree = "<group>"; };
		B5633BEB2435BB0000E8C6F2 /* 14891.h */ = {isa = PBXFileReference; lastKnownFileType = sourcecode.c.h; path = 14891.h; sourceTree = "<group>"; };
		B5633BEC2435CC9700E8C6F2 /* 15662.h */ = {isa = PBXFileReference; lastKnownFileType = sourcecode.c.h; path = 15662.h; sourceTree = "<group>"; };
		B5633BED2435D1D300E8C6F2 /* 14503.h */ = {isa = PBXFileReference; lastKnownFileType = sourcecode.c.h; path = 14503.h; sourceTree = "<group>"; };
		B5633BEE2435E9CE00E8C6F2 /* 14890.h */ = {isa = PBXFileReference; lastKnownFileType = sourcecode.c.h; path = 14890.h; sourceTree = "<group>"; };
		B5665A7C23CEE85F00D40045 /* Make_1 .h */ = {isa = PBXFileReference; lastKnownFileType = sourcecode.c.h; path = "Make_1 .h"; sourceTree = "<group>"; };
		B56BCC672432FA24009EDA09 /* 14888.h */ = {isa = PBXFileReference; lastKnownFileType = sourcecode.c.h; path = 14888.h; sourceTree = "<group>"; };
		B56BCC68243301AC009EDA09 /* 15649.h */ = {isa = PBXFileReference; lastKnownFileType = sourcecode.c.h; path = 15649.h; sourceTree = "<group>"; };
		B56BCC692433036D009EDA09 /* 15650.h */ = {isa = PBXFileReference; lastKnownFileType = sourcecode.c.h; path = 15650.h; sourceTree = "<group>"; };
		B56BCC6A2433048D009EDA09 /* 15651.h */ = {isa = PBXFileReference; lastKnownFileType = sourcecode.c.h; path = 15651.h; sourceTree = "<group>"; };
		B56BCC6B243309BE009EDA09 /* 15652.h */ = {isa = PBXFileReference; lastKnownFileType = sourcecode.c.h; path = 15652.h; sourceTree = "<group>"; };
		B56BCC6C24330C67009EDA09 /* 15654.h */ = {isa = PBXFileReference; lastKnownFileType = sourcecode.c.h; path = 15654.h; sourceTree = "<group>"; };
		B56BCC6D24330E26009EDA09 /* 15655.h */ = {isa = PBXFileReference; lastKnownFileType = sourcecode.c.h; path = 15655.h; sourceTree = "<group>"; };
		B56BCC6E24330ED1009EDA09 /* 15656.h */ = {isa = PBXFileReference; lastKnownFileType = sourcecode.c.h; path = 15656.h; sourceTree = "<group>"; };
		B56BCC6F24331217009EDA09 /* 15663.h */ = {isa = PBXFileReference; lastKnownFileType = sourcecode.c.h; path = 15663.h; sourceTree = "<group>"; };
		B56BCC7224331C10009EDA09 /* 15665.h */ = {isa = PBXFileReference; lastKnownFileType = sourcecode.c.h; path = 15665.h; sourceTree = "<group>"; };
		B56BCC7324331CA0009EDA09 /* 15666.h */ = {isa = PBXFileReference; lastKnownFileType = sourcecode.c.h; path = 15666.h; sourceTree = "<group>"; };
		B56E12F624AC2D6B0055A72F /* 4949.h */ = {isa = PBXFileReference; lastKnownFileType = sourcecode.c.h; path = 4949.h; sourceTree = "<group>"; };
		B5728B5424319FF600BC690E /* 1476.h */ = {isa = PBXFileReference; lastKnownFileType = sourcecode.c.h; path = 1476.h; sourceTree = "<group>"; };
		B5728B552431B24A00BC690E /* 9095.h */ = {isa = PBXFileReference; lastKnownFileType = sourcecode.c.h; path = 9095.h; sourceTree = "<group>"; };
		B5728B562431CB9B00BC690E /* 10819.h */ = {isa = PBXFileReference; lastKnownFileType = sourcecode.c.h; path = 10819.h; sourceTree = "<group>"; };
		B5728B572431CEAE00BC690E /* 10971.h */ = {isa = PBXFileReference; lastKnownFileType = sourcecode.c.h; path = 10971.h; sourceTree = "<group>"; };
		B57337902495D0380019C499 /* 17404.h */ = {isa = PBXFileReference; lastKnownFileType = sourcecode.c.h; path = 17404.h; sourceTree = "<group>"; };
		B57337912495E5D60019C499 /* NHN_1.h */ = {isa = PBXFileReference; lastKnownFileType = sourcecode.c.h; path = NHN_1.h; sourceTree = "<group>"; };
		B57337922495E5E00019C499 /* NHN_2.h */ = {isa = PBXFileReference; lastKnownFileType = sourcecode.c.h; path = NHN_2.h; sourceTree = "<group>"; };
		B57337932495E5E80019C499 /* NHN_3.h */ = {isa = PBXFileReference; lastKnownFileType = sourcecode.c.h; path = NHN_3.h; sourceTree = "<group>"; };
		B57337942495E5F30019C499 /* NHN_4.h */ = {isa = PBXFileReference; lastKnownFileType = sourcecode.c.h; path = NHN_4.h; sourceTree = "<group>"; };
		B5740FC82456A95000F22C57 /* 2805.h */ = {isa = PBXFileReference; lastKnownFileType = sourcecode.c.h; path = 2805.h; sourceTree = "<group>"; };
		B5740FC92456AACD00F22C57 /* 1072.h */ = {isa = PBXFileReference; lastKnownFileType = sourcecode.c.h; path = 1072.h; sourceTree = "<group>"; };
		B576A87024344BC4008C7A5D /* 13023.h */ = {isa = PBXFileReference; lastKnownFileType = sourcecode.c.h; path = 13023.h; sourceTree = "<group>"; };
		B576A87124345435008C7A5D /* 1260.h */ = {isa = PBXFileReference; lastKnownFileType = sourcecode.c.h; path = 1260.h; sourceTree = "<group>"; };
		B576A87224346128008C7A5D /* 11724.h */ = {isa = PBXFileReference; lastKnownFileType = sourcecode.c.h; path = 11724.h; sourceTree = "<group>"; };
		B5775A822486397600F7E4C0 /* 2467.h */ = {isa = PBXFileReference; lastKnownFileType = sourcecode.c.h; path = 2467.h; sourceTree = "<group>"; };
		B5775A8324866DB100F7E4C0 /* test.h */ = {isa = PBXFileReference; lastKnownFileType = sourcecode.c.h; path = test.h; sourceTree = "<group>"; };
		B577C4FB24040CD700B5BC8A /* 1654.h */ = {isa = PBXFileReference; lastKnownFileType = sourcecode.c.h; path = 1654.h; sourceTree = "<group>"; };
		B5790B1F244FF3B400B73289 /* 16194.h */ = {isa = PBXFileReference; lastKnownFileType = sourcecode.c.h; path = 16194.h; sourceTree = "<group>"; };
		B5790B20244FF84D00B73289 /* 15988.h */ = {isa = PBXFileReference; lastKnownFileType = sourcecode.c.h; path = 15988.h; sourceTree = "<group>"; };
		B5790B212450052200B73289 /* 1912.h */ = {isa = PBXFileReference; lastKnownFileType = sourcecode.c.h; path = 1912.h; sourceTree = "<group>"; };
		B57932E024A8996A0042392D /* 1152.h */ = {isa = PBXFileReference; lastKnownFileType = sourcecode.c.h; path = 1152.h; sourceTree = "<group>"; };
		B57932E124A899CF0042392D /* 1157.h */ = {isa = PBXFileReference; lastKnownFileType = sourcecode.c.h; path = 1157.h; sourceTree = "<group>"; };
		B57932E224A89C210042392D /* 1546.h */ = {isa = PBXFileReference; lastKnownFileType = sourcecode.c.h; path = 1546.h; sourceTree = "<group>"; };
		B57932E324A89D920042392D /* 2439.h */ = {isa = PBXFileReference; lastKnownFileType = sourcecode.c.h; path = 2439.h; sourceTree = "<group>"; };
		B57932E424A8A1C30042392D /* 2577.h */ = {isa = PBXFileReference; lastKnownFileType = sourcecode.c.h; path = 2577.h; sourceTree = "<group>"; };
		B57932E524A98ADC0042392D /* 1874.h */ = {isa = PBXFileReference; lastKnownFileType = sourcecode.c.h; path = 1874.h; sourceTree = "<group>"; };
		B57932E624A99AE60042392D /* 1929.h */ = {isa = PBXFileReference; lastKnownFileType = sourcecode.c.h; path = 1929.h; sourceTree = "<group>"; };
		B57932E724A99C7A0042392D /* 1966.h */ = {isa = PBXFileReference; lastKnownFileType = sourcecode.c.h; path = 1966.h; sourceTree = "<group>"; };
		B579DCD1246659A500CE7FAA /* 6359.h */ = {isa = PBXFileReference; lastKnownFileType = sourcecode.c.h; path = 6359.h; sourceTree = "<group>"; };
		B582143023D48BB000205D06 /* WineTasting  .h */ = {isa = PBXFileReference; lastKnownFileType = sourcecode.c.h; path = "WineTasting  .h"; sourceTree = "<group>"; };
		B588AB1324015E1700921FBA /* 2869.h */ = {isa = PBXFileReference; lastKnownFileType = sourcecode.c.h; path = 2869.h; sourceTree = "<group>"; };
		B5926668243956B80001DB1A /* 11726.h */ = {isa = PBXFileReference; lastKnownFileType = sourcecode.c.h; path = 11726.h; sourceTree = "<group>"; };
		B5926669243959800001DB1A /* 2156.h */ = {isa = PBXFileReference; lastKnownFileType = sourcecode.c.h; path = 2156.h; sourceTree = "<group>"; };
		B5A087142498F88000FB27A6 /* 8061.h */ = {isa = PBXFileReference; lastKnownFileType = sourcecode.c.h; path = 8061.h; sourceTree = "<group>"; };
		B5A10FDA24BC004A0094A10A /* 1780.h */ = {isa = PBXFileReference; lastKnownFileType = sourcecode.c.h; path = 1780.h; sourceTree = "<group>"; };
		B5A10FDB24BC0CB00094A10A /* 1389.h */ = {isa = PBXFileReference; lastKnownFileType = sourcecode.c.h; path = 1389.h; sourceTree = "<group>"; };
		B5A51CDA249CD8D400DDFFE3 /* 12100.h */ = {isa = PBXFileReference; lastKnownFileType = sourcecode.c.h; path = 12100.h; sourceTree = "<group>"; };
		B5A51CDB249CF79B00DDFFE3 /* 1475.h */ = {isa = PBXFileReference; lastKnownFileType = sourcecode.c.h; path = 1475.h; sourceTree = "<group>"; };
		B5A51CDC249CFB5400DDFFE3 /* 1057.h */ = {isa = PBXFileReference; lastKnownFileType = sourcecode.c.h; path = 1057.h; sourceTree = "<group>"; };
		B5A73A1123EAAC9B003C2486 /* 2163.h */ = {isa = PBXFileReference; lastKnownFileType = sourcecode.c.h; path = 2163.h; sourceTree = "<group>"; };
		B5A73A1223EAB50F003C2486 /* 1010.h */ = {isa = PBXFileReference; lastKnownFileType = sourcecode.c.h; path = 1010.h; sourceTree = "<group>"; };
		B5A9ECD424BD681800B88BD0 /* 5430.h */ = {isa = PBXFileReference; lastKnownFileType = sourcecode.c.h; path = 5430.h; sourceTree = "<group>"; };
		B5A9ECD524BD7A8200B88BD0 /* 1992.h */ = {isa = PBXFileReference; lastKnownFileType = sourcecode.c.h; path = 1992.h; sourceTree = "<group>"; };
		B5B1A15A24764B59008F688B /* 10951.h */ = {isa = PBXFileReference; lastKnownFileType = sourcecode.c.h; path = 10951.h; sourceTree = "<group>"; };
		B5B1A15B24764BA2008F688B /* 10866.h */ = {isa = PBXFileReference; lastKnownFileType = sourcecode.c.h; path = 10866.h; sourceTree = "<group>"; };
		B5B1A15C24765071008F688B /* 1012.h */ = {isa = PBXFileReference; lastKnownFileType = sourcecode.c.h; path = 1012.h; sourceTree = "<group>"; };
		B5B1A15D2476562A008F688B /* 7662.h */ = {isa = PBXFileReference; lastKnownFileType = sourcecode.c.h; path = 7662.h; sourceTree = "<group>"; };
		B5B6438823D5C8D000A01D26 /* 11722.h */ = {isa = PBXFileReference; lastKnownFileType = sourcecode.c.h; path = 11722.h; sourceTree = "<group>"; };
		B5C0131C2431E7FA009F1EED /* 6603.h */ = {isa = PBXFileReference; lastKnownFileType = sourcecode.c.h; path = 6603.h; sourceTree = "<group>"; };
		B5C06C1E2493BDB900298E9D /* 12849.h */ = {isa = PBXFileReference; lastKnownFileType = sourcecode.c.h; path = 12849.h; sourceTree = "<group>"; };
		B5C111AD23D86C63004410C7 /* 1991.h */ = {isa = PBXFileReference; lastKnownFileType = sourcecode.c.h; path = 1991.h; sourceTree = "<group>"; };
		B5C32ECF24A2FBDA009596C8 /* 1987.h */ = {isa = PBXFileReference; lastKnownFileType = sourcecode.c.h; path = 1987.h; sourceTree = "<group>"; };
		B5C32ED024A31017009596C8 /* 1806.h */ = {isa = PBXFileReference; lastKnownFileType = sourcecode.c.h; path = 1806.h; sourceTree = "<group>"; };
		B5C32ED124A31659009596C8 /* 1799.h */ = {isa = PBXFileReference; lastKnownFileType = sourcecode.c.h; path = 1799.h; sourceTree = "<group>"; };
		B5C32ED224A4B36E009596C8 /* 4386.h */ = {isa = PBXFileReference; lastKnownFileType = sourcecode.c.h; path = 4386.h; sourceTree = "<group>"; };
		B5C32ED324A59DE2009596C8 /* 2623.h */ = {isa = PBXFileReference; lastKnownFileType = sourcecode.c.h; path = 2623.h; sourceTree = "<group>"; };
		B5C32ED424A5AC16009596C8 /* 2887.h */ = {isa = PBXFileReference; lastKnownFileType = sourcecode.c.h; path = 2887.h; sourceTree = "<group>"; };
		B5C32ED524A5BCB2009596C8 /* 9466.h */ = {isa = PBXFileReference; lastKnownFileType = sourcecode.c.h; path = 9466.h; sourceTree = "<group>"; };
		B5CE1B8D24A1EC8500E0A2CB /* 2293.h */ = {isa = PBXFileReference; lastKnownFileType = sourcecode.c.h; path = 2293.h; sourceTree = "<group>"; };
		B5D6163F245999F2007C6ACD /* 3079.h */ = {isa = PBXFileReference; lastKnownFileType = sourcecode.c.h; path = 3079.h; sourceTree = "<group>"; };
		B5D61641245A94B0007C6ACD /* 2022.h */ = {isa = PBXFileReference; lastKnownFileType = sourcecode.c.h; path = 2022.h; sourceTree = "<group>"; };
		B5D751F2246D57EA0012B505 /* 10250.h */ = {isa = PBXFileReference; lastKnownFileType = sourcecode.c.h; path = 10250.h; sourceTree = "<group>"; };
		B5D751F3246E39B20012B505 /* 1377.h */ = {isa = PBXFileReference; lastKnownFileType = sourcecode.c.h; path = 1377.h; sourceTree = "<group>"; };
		B5D751F4246E53E70012B505 /* 1904.h */ = {isa = PBXFileReference; lastKnownFileType = sourcecode.c.h; path = 1904.h; sourceTree = "<group>"; };
		B5D751F5246E559C0012B505 /* 1699.h */ = {isa = PBXFileReference; lastKnownFileType = sourcecode.c.h; path = 1699.h; sourceTree = "<group>"; };
		B5D75344248B3B2300BA869C /* 1562.h */ = {isa = PBXFileReference; lastKnownFileType = sourcecode.c.h; path = 1562.h; sourceTree = "<group>"; };
		B5D75345248B3DB100BA869C /* 1647.h */ = {isa = PBXFileReference; lastKnownFileType = sourcecode.c.h; path = 1647.h; sourceTree = "<group>"; };
		B5DAD6D32467FA520089A3C9 /* 2630.h */ = {isa = PBXFileReference; lastKnownFileType = sourcecode.c.h; path = 2630.h; sourceTree = "<group>"; };
		B5DAD6D4246807730089A3C9 /* 2606.h */ = {isa = PBXFileReference; lastKnownFileType = sourcecode.c.h; path = 2606.h; sourceTree = "<group>"; };
		B5DAD6D524680B520089A3C9 /* 18870.h */ = {isa = PBXFileReference; lastKnownFileType = sourcecode.c.h; path = 18870.h; sourceTree = "<group>"; };
		B5DAD6D624681B7E0089A3C9 /* 1927.h */ = {isa = PBXFileReference; lastKnownFileType = sourcecode.c.h; path = 1927.h; sourceTree = "<group>"; };
		B5DAD6D724681DF50089A3C9 /* 2407.h */ = {isa = PBXFileReference; lastKnownFileType = sourcecode.c.h; path = 2407.h; sourceTree = "<group>"; };
		B5DAD6D8246928010089A3C9 /* 11660.h */ = {isa = PBXFileReference; lastKnownFileType = sourcecode.c.h; path = 11660.h; sourceTree = "<group>"; };
		B5DAD6D9246933EF0089A3C9 /* 11659.h */ = {isa = PBXFileReference; lastKnownFileType = sourcecode.c.h; path = 11659.h; sourceTree = "<group>"; };
		B5DAD6DA246A457E0089A3C9 /* 9251.h */ = {isa = PBXFileReference; lastKnownFileType = sourcecode.c.h; path = 9251.h; sourceTree = "<group>"; };
		B5DAD6DB246A55010089A3C9 /* 12865.h */ = {isa = PBXFileReference; lastKnownFileType = sourcecode.c.h; path = 12865.h; sourceTree = "<group>"; };
		B5DAD6DC246A61E90089A3C9 /* 1520.h */ = {isa = PBXFileReference; lastKnownFileType = sourcecode.c.h; path = 1520.h; sourceTree = "<group>"; };
		B5DAD6DD246AD9DB0089A3C9 /* 1967.h */ = {isa = PBXFileReference; lastKnownFileType = sourcecode.c.h; path = 1967.h; sourceTree = "<group>"; };
		B5DC642D24594A6E00FA36E2 /* 2872.h */ = {isa = PBXFileReference; lastKnownFileType = sourcecode.c.h; path = 2872.h; sourceTree = "<group>"; };
		B5DC642E24595CC500FA36E2 /* 2110.h */ = {isa = PBXFileReference; lastKnownFileType = sourcecode.c.h; path = 2110.h; sourceTree = "<group>"; };
		B5DC642F2459608800FA36E2 /* 2343.h */ = {isa = PBXFileReference; lastKnownFileType = sourcecode.c.h; path = 2343.h; sourceTree = "<group>"; };
		B5E242BA243075C500563335 /* 10430.h */ = {isa = PBXFileReference; lastKnownFileType = sourcecode.c.h; path = 10430.h; sourceTree = "<group>"; };
		B5E242BB243076D200563335 /* 2609.h */ = {isa = PBXFileReference; lastKnownFileType = sourcecode.c.h; path = 2609.h; sourceTree = "<group>"; };
		B5E242BC2430791E00563335 /* 1934.h */ = {isa = PBXFileReference; lastKnownFileType = sourcecode.c.h; path = 1934.h; sourceTree = "<group>"; };
		B5E242BD24307A1C00563335 /* 9613.h */ = {isa = PBXFileReference; lastKnownFileType = sourcecode.c.h; path = 9613.h; sourceTree = "<group>"; };
		B5E242BE24307CE100563335 /* 1978.h */ = {isa = PBXFileReference; lastKnownFileType = sourcecode.c.h; path = 1978.h; sourceTree = "<group>"; };
		B5E242BF24307F4B00563335 /* 6588.h */ = {isa = PBXFileReference; lastKnownFileType = sourcecode.c.h; path = 6588.h; sourceTree = "<group>"; };
		B5E242C02430884800563335 /* 2309.h */ = {isa = PBXFileReference; lastKnownFileType = sourcecode.c.h; path = 2309.h; sourceTree = "<group>"; };
		B5E35A96244C4FE2005D05C2 /* 15486.h */ = {isa = PBXFileReference; lastKnownFileType = sourcecode.c.h; path = 15486.h; sourceTree = "<group>"; };
		B5E5A8FC24AF56DA007F71EE /* 10773.h */ = {isa = PBXFileReference; lastKnownFileType = sourcecode.c.h; path = 10773.h; sourceTree = "<group>"; };
		B5E5A8FD24AF57EB007F71EE /* 18111.h */ = {isa = PBXFileReference; lastKnownFileType = sourcecode.c.h; path = 18111.h; sourceTree = "<group>"; };
		B5E5A8FE24B0BA02007F71EE /* 9375.h */ = {isa = PBXFileReference; lastKnownFileType = sourcecode.c.h; path = 9375.h; sourceTree = "<group>"; };
		B5E830592489F585008FDA40 /* 1005.h */ = {isa = PBXFileReference; lastKnownFileType = sourcecode.c.h; path = 1005.h; sourceTree = "<group>"; };
		B5EBA3EE2472476A006755E1 /* 1672.h */ = {isa = PBXFileReference; lastKnownFileType = sourcecode.c.h; path = 1672.h; sourceTree = "<group>"; };
		B5EBA3EF24724FE7006755E1 /* 1464.h */ = {isa = PBXFileReference; lastKnownFileType = sourcecode.c.h; path = 1464.h; sourceTree = "<group>"; };
		B5EBA3F02472547F006755E1 /* 1439.h */ = {isa = PBXFileReference; lastKnownFileType = sourcecode.c.h; path = 1439.h; sourceTree = "<group>"; };
		B5F0C3F3248FC0A40080CBFE /* 1037.h */ = {isa = PBXFileReference; lastKnownFileType = sourcecode.c.h; path = 1037.h; sourceTree = "<group>"; };
		B5F34FC223DABF4E004A0A14 /* 4963.h */ = {isa = PBXFileReference; lastKnownFileType = sourcecode.c.h; path = 4963.h; sourceTree = "<group>"; };
		B5F5F126249A2759004F762A /* 6118.h */ = {isa = PBXFileReference; lastKnownFileType = sourcecode.c.h; path = 6118.h; sourceTree = "<group>"; };
		B5F5F127249A387D004F762A /* 4485.h */ = {isa = PBXFileReference; lastKnownFileType = sourcecode.c.h; path = 4485.h; sourceTree = "<group>"; };
		B5F5F128249A3E4A004F762A /* 1504.h */ = {isa = PBXFileReference; lastKnownFileType = sourcecode.c.h; path = 1504.h; sourceTree = "<group>"; };
		B5F5F129249A4928004F762A /* 6593.h */ = {isa = PBXFileReference; lastKnownFileType = sourcecode.c.h; path = 6593.h; sourceTree = "<group>"; };
		B5F5F12A249B13BE004F762A /* 1238.h */ = {isa = PBXFileReference; lastKnownFileType = sourcecode.c.h; path = 1238.h; sourceTree = "<group>"; };
		B5F5F12B249B189F004F762A /* 1916.h */ = {isa = PBXFileReference; lastKnownFileType = sourcecode.c.h; path = 1916.h; sourceTree = "<group>"; };
		B5F5F12C249B1D0C004F762A /* 3943.h */ = {isa = PBXFileReference; lastKnownFileType = sourcecode.c.h; path = 3943.h; sourceTree = "<group>"; };
		B5F5F12D249B2B54004F762A /* 10835.h */ = {isa = PBXFileReference; lastKnownFileType = sourcecode.c.h; path = 10835.h; sourceTree = "<group>"; };
		B5F5F12E249B3880004F762A /* 2240.h */ = {isa = PBXFileReference; lastKnownFileType = sourcecode.c.h; path = 2240.h; sourceTree = "<group>"; };
		B5FA42F023DD8F66007A892D /* 1149.h */ = {isa = PBXFileReference; lastKnownFileType = sourcecode.c.h; path = 1149.h; sourceTree = "<group>"; };
		B5FA42F123DD9A5A007A892D /* 1931.h */ = {isa = PBXFileReference; lastKnownFileType = sourcecode.c.h; path = 1931.h; sourceTree = "<group>"; };
		B5FF696523D9616A00A443A7 /* 11725.h */ = {isa = PBXFileReference; lastKnownFileType = sourcecode.c.h; path = 11725.h; sourceTree = "<group>"; };
		B5FF696623D9662200A443A7 /* 1167.h */ = {isa = PBXFileReference; lastKnownFileType = sourcecode.c.h; path = 1167.h; sourceTree = "<group>"; };
		B5FF696723D9B91B00A443A7 /* 3047.h */ = {isa = PBXFileReference; lastKnownFileType = sourcecode.c.h; path = 3047.h; sourceTree = "<group>"; };
		B5FF696823D9BC8100A443A7 /* 1697.h */ = {isa = PBXFileReference; lastKnownFileType = sourcecode.c.h; path = 1697.h; sourceTree = "<group>"; };
		DF12CD1A23C765E7007BFA2B /* BaekJoon */ = {isa = PBXFileReference; explicitFileType = "compiled.mach-o.executable"; includeInIndex = 0; path = BaekJoon; sourceTree = BUILT_PRODUCTS_DIR; };
		DF12CD1D23C765E7007BFA2B /* main.cpp */ = {isa = PBXFileReference; lastKnownFileType = sourcecode.cpp.cpp; path = main.cpp; sourceTree = "<group>"; };
/* End PBXFileReference section */

/* Begin PBXFrameworksBuildPhase section */
		DF12CD1723C765E7007BFA2B /* Frameworks */ = {
			isa = PBXFrameworksBuildPhase;
			buildActionMask = 2147483647;
			files = (
			);
			runOnlyForDeploymentPostprocessing = 0;
		};
/* End PBXFrameworksBuildPhase section */

/* Begin PBXGroup section */
		DF12CD1123C765E7007BFA2B = {
			isa = PBXGroup;
			children = (
				DF12CD1C23C765E7007BFA2B /* BaekJoon */,
				DF12CD1B23C765E7007BFA2B /* Products */,
			);
			sourceTree = "<group>";
		};
		DF12CD1B23C765E7007BFA2B /* Products */ = {
			isa = PBXGroup;
			children = (
				DF12CD1A23C765E7007BFA2B /* BaekJoon */,
			);
			name = Products;
			sourceTree = "<group>";
		};
		DF12CD1C23C765E7007BFA2B /* BaekJoon */ = {
			isa = PBXGroup;
			children = (
				B512826C23EDA801008DCAF8 /* 14500.h */,
				B5FF696523D9616A00A443A7 /* 11725.h */,
				DF12CD1D23C765E7007BFA2B /* main.cpp */,
				B56BCC7324331CA0009EDA09 /* 15666.h */,
				B5665A7C23CEE85F00D40045 /* Make_1 .h */,
				B52BA84E23D19BE2009DB460 /* 2007.h */,
				B52BA84F23D19D61009DB460 /* MinMax.h */,
				B52BA85023D19E40009DB460 /* Bracket.h */,
				B52BA85123D1A181009DB460 /* ROT13.h */,
				B52BA85223D1A6F9009DB460 /* Combination0Count .h */,
				B52BA85323D35136009DB460 /* BaseConversion2 .h */,
				B52BA85423D4487B009DB460 /* CombinedDecomposition .h */,
				B52BA85523D459D5009DB460 /* Add1_2_3.h */,
				B582143023D48BB000205D06 /* WineTasting  .h */,
				B5B6438823D5C8D000A01D26 /* 11722.h */,
				B5325C2923D7253F00C8C575 /* 1026.h */,
				B5325C2A23D727AC00C8C575 /* 11652.h */,
				B5C111AD23D86C63004410C7 /* 1991.h */,
				B5FF696623D9662200A443A7 /* 1167.h */,
				B5FF696723D9B91B00A443A7 /* 3047.h */,
				B5FF696823D9BC8100A443A7 /* 1697.h */,
				B556A29723DAA71B00CE8344 /* 11403.h */,
				B556A29923DAB3BF00CE8344 /* 2178.h */,
				B5F34FC223DABF4E004A0A14 /* 4963.h */,
				B537E62D23DC4B7C0030FE31 /* 11047.h */,
				B537E62E23DC4D840030FE31 /* 10974.h */,
				B537E62F23DC51090030FE31 /* 1722.h */,
				B5FA42F023DD8F66007A892D /* 1149.h */,
				B5FA42F123DD9A5A007A892D /* 1931.h */,
				B525565123DF2AE900E14A5B /* 2875.h */,
				B525565223E0086F00E14A5B /* 1541.h */,
				B5556A9423E1ACA0005A4E19 /* 10610.h */,
				B50D317D23E31AC400193DA9 /* 1707.h */,
				B50D317E23E3D5D500193DA9 /* 11723.h */,
				B52A781623E55CD000CC166D /* 1182.h */,
				B52A781723E56D0000CC166D /* 9663.h */,
				B52160C823E6C17F00B27515 /* 2873.h */,
				B52160CA23E805CF00B27515 /* 1463.h */,
				B52160CB23E8093200B27515 /* 14501.h */,
				B5A73A1123EAAC9B003C2486 /* 2163.h */,
				B5A73A1223EAB50F003C2486 /* 1010.h */,
				B52BD43823EC4B2E006B62D7 /* 1759.h */,
				B5265F8E23EFA96300185913 /* 9019.h */,
				B5615DDD23F19B9B00A12491 /* 2629.h */,
				B506269F23F5855100D60F33 /* 2661.h */,
				B588AB1324015E1700921FBA /* 2869.h */,
				B5129EF8240281980008143C /* 2512.h */,
				B577C4FB24040CD700B5BC8A /* 1654.h */,
				B5E242BA243075C500563335 /* 10430.h */,
				B5E242BB243076D200563335 /* 2609.h */,
				B5E242BC2430791E00563335 /* 1934.h */,
				B5E242BD24307A1C00563335 /* 9613.h */,
				B5E242BE24307CE100563335 /* 1978.h */,
				B5E242BF24307F4B00563335 /* 6588.h */,
				B5E242C02430884800563335 /* 2309.h */,
				B5728B5424319FF600BC690E /* 1476.h */,
				B5728B552431B24A00BC690E /* 9095.h */,
				B5728B562431CB9B00BC690E /* 10819.h */,
				B5728B572431CEAE00BC690E /* 10971.h */,
				B5C0131C2431E7FA009F1EED /* 6603.h */,
				B56BCC672432FA24009EDA09 /* 14888.h */,
				B56BCC68243301AC009EDA09 /* 15649.h */,
				B56BCC692433036D009EDA09 /* 15650.h */,
				B56BCC6A2433048D009EDA09 /* 15651.h */,
				B56BCC6B243309BE009EDA09 /* 15652.h */,
				B56BCC6C24330C67009EDA09 /* 15654.h */,
				B56BCC6D24330E26009EDA09 /* 15655.h */,
				B56BCC6E24330ED1009EDA09 /* 15656.h */,
				B56BCC6F24331217009EDA09 /* 15663.h */,
				B56BCC7224331C10009EDA09 /* 15665.h */,
				B576A87024344BC4008C7A5D /* 13023.h */,
				B576A87124345435008C7A5D /* 1260.h */,
				B576A87224346128008C7A5D /* 11724.h */,
				B5633BEA2435A63E00E8C6F2 /* 14499.h */,
				B5633BEB2435BB0000E8C6F2 /* 14891.h */,
				B5633BEC2435CC9700E8C6F2 /* 15662.h */,
				B5633BED2435D1D300E8C6F2 /* 14503.h */,
				B5633BEE2435E9CE00E8C6F2 /* 14890.h */,
				B50C6EDE243703BD003B29B7 /* 15685.h */,
				B50C6EDF24371557003B29B7 /* 3190.h */,
				B50C6EE024372E4F003B29B7 /* 15661.h */,
				B50C6EE12437497C003B29B7 /* 14502.h */,
				B50C6EE224375570003B29B7 /* 15683.h */,
				B50C6EE324383582003B29B7 /* 15653.h */,
				B50C6EE424386346003B29B7 /* 2667.h */,
				B50C6EE524386B25003B29B7 /* 7576.h */,
				B50C6EE62438789F003B29B7 /* 14226.h */,
				B50C6EE724388AE7003B29B7 /* 13549.h */,
				B5926668243956B80001DB1A /* 11726.h */,
				B5926669243959800001DB1A /* 2156.h */,
				B50E1C73243D8F3800F9465D /* 1261.h */,
				B50E1C74243D953600F9465D /* 2206.h */,
				B5E35A96244C4FE2005D05C2 /* 15486.h */,
				B5790B1F244FF3B400B73289 /* 16194.h */,
				B5790B20244FF84D00B73289 /* 15988.h */,
				B5790B212450052200B73289 /* 1912.h */,
				B5740FC82456A95000F22C57 /* 2805.h */,
				B5740FC92456AACD00F22C57 /* 1072.h */,
				B503739D2456BF0E0088FA37 /* 6236.h */,
				B54352002457F5D1001BFF05 /* 2792.h */,
				B5DC642D24594A6E00FA36E2 /* 2872.h */,
				B5DC642E24595CC500FA36E2 /* 2110.h */,
				B5DC642F2459608800FA36E2 /* 2343.h */,
				B5D6163F245999F2007C6ACD /* 3079.h */,
				B5D61641245A94B0007C6ACD /* 2022.h */,
				B579DCD1246659A500CE7FAA /* 6359.h */,
				B5DAD6D32467FA520089A3C9 /* 2630.h */,
				B5DAD6D4246807730089A3C9 /* 2606.h */,
				B57337932495E5E80019C499 /* NHN_3.h */,
				B5DAD6D524680B520089A3C9 /* 18870.h */,
				B5DAD6D624681B7E0089A3C9 /* 1927.h */,
				B5DAD6D724681DF50089A3C9 /* 2407.h */,
				B5DAD6D8246928010089A3C9 /* 11660.h */,
				B5DAD6D9246933EF0089A3C9 /* 11659.h */,
				B5DAD6DA246A457E0089A3C9 /* 9251.h */,
				B5DAD6DB246A55010089A3C9 /* 12865.h */,
				B5DAD6DC246A61E90089A3C9 /* 1520.h */,
				B5DAD6DD246AD9DB0089A3C9 /* 1967.h */,
				B5D751F2246D57EA0012B505 /* 10250.h */,
				B5D751F3246E39B20012B505 /* 1377.h */,
				B5D751F4246E53E70012B505 /* 1904.h */,
				B5D751F5246E559C0012B505 /* 1699.h */,
				B5EBA3EE2472476A006755E1 /* 1672.h */,
				B5EBA3EF24724FE7006755E1 /* 1464.h */,
				B5EBA3F02472547F006755E1 /* 1439.h */,
				B52DB4932474009C00CB4864 /* 2167.h */,
				B5B1A15A24764B59008F688B /* 10951.h */,
				B5B1A15B24764BA2008F688B /* 10866.h */,
				B5B1A15C24765071008F688B /* 1012.h */,
				B5B1A15D2476562A008F688B /* 7662.h */,
				B51B7663247F966A00C3E0C8 /* 1922.h */,
				B51B7664247F9EB900C3E0C8 /* 1197.h */,
				B51B7665247FB43A00C3E0C8 /* 2529.h */,
				B50650812484E20E00A0CE0A /* 12852.h */,
				B5775A822486397600F7E4C0 /* 2467.h */,
				B5775A8324866DB100F7E4C0 /* test.h */,
				B5367BEA2487AFC700A2E59B /* 2056.h */,
				B5367BEB2487B46000A2E59B /* 2252.h */,
				B5E830592489F585008FDA40 /* 1005.h */,
				B5D75344248B3B2300BA869C /* 1562.h */,
				B5D75345248B3DB100BA869C /* 1647.h */,
				B5F0C3F3248FC0A40080CBFE /* 1037.h */,
				B52B53C2249252FD00B2B5DD /* 1316.h */,
				B5C06C1E2493BDB900298E9D /* 12849.h */,
				B57337902495D0380019C499 /* 17404.h */,
				B57337912495E5D60019C499 /* NHN_1.h */,
				B57337922495E5E00019C499 /* NHN_2.h */,
				B57337942495E5F30019C499 /* NHN_4.h */,
				B533B2B92497A3AF00D2BF82 /* 16953.h */,
				B525FE2124989BBE002E47AE /* 1043.h */,
				B5A087142498F88000FB27A6 /* 8061.h */,
				B5F5F126249A2759004F762A /* 6118.h */,
				B5F5F127249A387D004F762A /* 4485.h */,
				B5F5F128249A3E4A004F762A /* 1504.h */,
				B5F5F129249A4928004F762A /* 6593.h */,
				B5F5F12A249B13BE004F762A /* 1238.h */,
				B5F5F12B249B189F004F762A /* 1916.h */,
				B5F5F12C249B1D0C004F762A /* 3943.h */,
				B5F5F12D249B2B54004F762A /* 10835.h */,
				B5F5F12E249B3880004F762A /* 2240.h */,
				B5A51CDA249CD8D400DDFFE3 /* 12100.h */,
				B5A51CDB249CF79B00DDFFE3 /* 1475.h */,
				B5A51CDC249CFB5400DDFFE3 /* 1057.h */,
				B5CE1B8D24A1EC8500E0A2CB /* 2293.h */,
				B5C32ECF24A2FBDA009596C8 /* 1987.h */,
				B5C32ED024A31017009596C8 /* 1806.h */,
				B5C32ED124A31659009596C8 /* 1799.h */,
				B5C32ED224A4B36E009596C8 /* 4386.h */,
				B5C32ED324A59DE2009596C8 /* 2623.h */,
				B5C32ED424A5AC16009596C8 /* 2887.h */,
				B5C32ED524A5BCB2009596C8 /* 9466.h */,
				B57932E024A8996A0042392D /* 1152.h */,
				B57932E124A899CF0042392D /* 1157.h */,
				B57932E224A89C210042392D /* 1546.h */,
				B57932E324A89D920042392D /* 2439.h */,
				B57932E424A8A1C30042392D /* 2577.h */,
				B57932E524A98ADC0042392D /* 1874.h */,
				B57932E624A99AE60042392D /* 1929.h */,
				B57932E724A99C7A0042392D /* 1966.h */,
				B56E12F624AC2D6B0055A72F /* 4949.h */,
				B5E5A8FC24AF56DA007F71EE /* 10773.h */,
				B5E5A8FD24AF57EB007F71EE /* 18111.h */,
				B5E5A8FE24B0BA02007F71EE /* 9375.h */,
				B5A10FDA24BC004A0094A10A /* 1780.h */,
				B5A10FDB24BC0CB00094A10A /* 1389.h */,
				B5A9ECD424BD681800B88BD0 /* 5430.h */,
				B5A9ECD524BD7A8200B88BD0 /* 1992.h */,
			);
			path = BaekJoon;
			sourceTree = "<group>";
		};
/* End PBXGroup section */

/* Begin PBXNativeTarget section */
		DF12CD1923C765E7007BFA2B /* BaekJoon */ = {
			isa = PBXNativeTarget;
			buildConfigurationList = DF12CD2123C765E7007BFA2B /* Build configuration list for PBXNativeTarget "BaekJoon" */;
			buildPhases = (
				DF12CD1623C765E7007BFA2B /* Sources */,
				DF12CD1723C765E7007BFA2B /* Frameworks */,
				DF12CD1823C765E7007BFA2B /* CopyFiles */,
			);
			buildRules = (
			);
			dependencies = (
			);
			name = BaekJoon;
			productName = BaekJoon;
			productReference = DF12CD1A23C765E7007BFA2B /* BaekJoon */;
			productType = "com.apple.product-type.tool";
		};
/* End PBXNativeTarget section */

/* Begin PBXProject section */
		DF12CD1223C765E7007BFA2B /* Project object */ = {
			isa = PBXProject;
			attributes = {
				LastUpgradeCheck = 1100;
				ORGANIZATIONNAME = "Minsu Jeong";
				TargetAttributes = {
					DF12CD1923C765E7007BFA2B = {
						CreatedOnToolsVersion = 11.0;
					};
				};
			};
			buildConfigurationList = DF12CD1523C765E7007BFA2B /* Build configuration list for PBXProject "BaekJoon" */;
			compatibilityVersion = "Xcode 9.3";
			developmentRegion = en;
			hasScannedForEncodings = 0;
			knownRegions = (
				en,
				Base,
			);
			mainGroup = DF12CD1123C765E7007BFA2B;
			productRefGroup = DF12CD1B23C765E7007BFA2B /* Products */;
			projectDirPath = "";
			projectRoot = "";
			targets = (
				DF12CD1923C765E7007BFA2B /* BaekJoon */,
			);
		};
/* End PBXProject section */

/* Begin PBXSourcesBuildPhase section */
		DF12CD1623C765E7007BFA2B /* Sources */ = {
			isa = PBXSourcesBuildPhase;
			buildActionMask = 2147483647;
			files = (
				DF12CD1E23C765E7007BFA2B /* main.cpp in Sources */,
			);
			runOnlyForDeploymentPostprocessing = 0;
		};
/* End PBXSourcesBuildPhase section */

/* Begin XCBuildConfiguration section */
		DF12CD1F23C765E7007BFA2B /* Debug */ = {
			isa = XCBuildConfiguration;
			buildSettings = {
				ALWAYS_SEARCH_USER_PATHS = NO;
				CLANG_ANALYZER_NONNULL = YES;
				CLANG_ANALYZER_NUMBER_OBJECT_CONVERSION = YES_AGGRESSIVE;
				CLANG_CXX_LANGUAGE_STANDARD = "gnu++14";
				CLANG_CXX_LIBRARY = "libc++";
				CLANG_ENABLE_MODULES = YES;
				CLANG_ENABLE_OBJC_ARC = YES;
				CLANG_ENABLE_OBJC_WEAK = YES;
				CLANG_WARN_BLOCK_CAPTURE_AUTORELEASING = YES;
				CLANG_WARN_BOOL_CONVERSION = YES;
				CLANG_WARN_COMMA = YES;
				CLANG_WARN_CONSTANT_CONVERSION = YES;
				CLANG_WARN_DEPRECATED_OBJC_IMPLEMENTATIONS = YES;
				CLANG_WARN_DIRECT_OBJC_ISA_USAGE = YES_ERROR;
				CLANG_WARN_DOCUMENTATION_COMMENTS = YES;
				CLANG_WARN_EMPTY_BODY = YES;
				CLANG_WARN_ENUM_CONVERSION = YES;
				CLANG_WARN_INFINITE_RECURSION = YES;
				CLANG_WARN_INT_CONVERSION = YES;
				CLANG_WARN_NON_LITERAL_NULL_CONVERSION = YES;
				CLANG_WARN_OBJC_IMPLICIT_RETAIN_SELF = YES;
				CLANG_WARN_OBJC_LITERAL_CONVERSION = YES;
				CLANG_WARN_OBJC_ROOT_CLASS = YES_ERROR;
				CLANG_WARN_RANGE_LOOP_ANALYSIS = YES;
				CLANG_WARN_STRICT_PROTOTYPES = YES;
				CLANG_WARN_SUSPICIOUS_MOVE = YES;
				CLANG_WARN_UNGUARDED_AVAILABILITY = YES_AGGRESSIVE;
				CLANG_WARN_UNREACHABLE_CODE = YES;
				CLANG_WARN__DUPLICATE_METHOD_MATCH = YES;
				COPY_PHASE_STRIP = NO;
				DEBUG_INFORMATION_FORMAT = dwarf;
				ENABLE_STRICT_OBJC_MSGSEND = YES;
				ENABLE_TESTABILITY = YES;
				GCC_C_LANGUAGE_STANDARD = gnu11;
				GCC_DYNAMIC_NO_PIC = NO;
				GCC_NO_COMMON_BLOCKS = YES;
				GCC_OPTIMIZATION_LEVEL = 0;
				GCC_PREPROCESSOR_DEFINITIONS = (
					"DEBUG=1",
					"$(inherited)",
				);
				GCC_WARN_64_TO_32_BIT_CONVERSION = YES;
				GCC_WARN_ABOUT_RETURN_TYPE = YES_ERROR;
				GCC_WARN_UNDECLARED_SELECTOR = YES;
				GCC_WARN_UNINITIALIZED_AUTOS = YES_AGGRESSIVE;
				GCC_WARN_UNUSED_FUNCTION = YES;
				GCC_WARN_UNUSED_VARIABLE = YES;
				MACOSX_DEPLOYMENT_TARGET = 10.14;
				MTL_ENABLE_DEBUG_INFO = INCLUDE_SOURCE;
				MTL_FAST_MATH = YES;
				ONLY_ACTIVE_ARCH = YES;
				SDKROOT = macosx;
			};
			name = Debug;
		};
		DF12CD2023C765E7007BFA2B /* Release */ = {
			isa = XCBuildConfiguration;
			buildSettings = {
				ALWAYS_SEARCH_USER_PATHS = NO;
				CLANG_ANALYZER_NONNULL = YES;
				CLANG_ANALYZER_NUMBER_OBJECT_CONVERSION = YES_AGGRESSIVE;
				CLANG_CXX_LANGUAGE_STANDARD = "gnu++14";
				CLANG_CXX_LIBRARY = "libc++";
				CLANG_ENABLE_MODULES = YES;
				CLANG_ENABLE_OBJC_ARC = YES;
				CLANG_ENABLE_OBJC_WEAK = YES;
				CLANG_WARN_BLOCK_CAPTURE_AUTORELEASING = YES;
				CLANG_WARN_BOOL_CONVERSION = YES;
				CLANG_WARN_COMMA = YES;
				CLANG_WARN_CONSTANT_CONVERSION = YES;
				CLANG_WARN_DEPRECATED_OBJC_IMPLEMENTATIONS = YES;
				CLANG_WARN_DIRECT_OBJC_ISA_USAGE = YES_ERROR;
				CLANG_WARN_DOCUMENTATION_COMMENTS = YES;
				CLANG_WARN_EMPTY_BODY = YES;
				CLANG_WARN_ENUM_CONVERSION = YES;
				CLANG_WARN_INFINITE_RECURSION = YES;
				CLANG_WARN_INT_CONVERSION = YES;
				CLANG_WARN_NON_LITERAL_NULL_CONVERSION = YES;
				CLANG_WARN_OBJC_IMPLICIT_RETAIN_SELF = YES;
				CLANG_WARN_OBJC_LITERAL_CONVERSION = YES;
				CLANG_WARN_OBJC_ROOT_CLASS = YES_ERROR;
				CLANG_WARN_RANGE_LOOP_ANALYSIS = YES;
				CLANG_WARN_STRICT_PROTOTYPES = YES;
				CLANG_WARN_SUSPICIOUS_MOVE = YES;
				CLANG_WARN_UNGUARDED_AVAILABILITY = YES_AGGRESSIVE;
				CLANG_WARN_UNREACHABLE_CODE = YES;
				CLANG_WARN__DUPLICATE_METHOD_MATCH = YES;
				COPY_PHASE_STRIP = NO;
				DEBUG_INFORMATION_FORMAT = "dwarf-with-dsym";
				ENABLE_NS_ASSERTIONS = NO;
				ENABLE_STRICT_OBJC_MSGSEND = YES;
				GCC_C_LANGUAGE_STANDARD = gnu11;
				GCC_NO_COMMON_BLOCKS = YES;
				GCC_WARN_64_TO_32_BIT_CONVERSION = YES;
				GCC_WARN_ABOUT_RETURN_TYPE = YES_ERROR;
				GCC_WARN_UNDECLARED_SELECTOR = YES;
				GCC_WARN_UNINITIALIZED_AUTOS = YES_AGGRESSIVE;
				GCC_WARN_UNUSED_FUNCTION = YES;
				GCC_WARN_UNUSED_VARIABLE = YES;
				MACOSX_DEPLOYMENT_TARGET = 10.14;
				MTL_ENABLE_DEBUG_INFO = NO;
				MTL_FAST_MATH = YES;
				SDKROOT = macosx;
			};
			name = Release;
		};
		DF12CD2223C765E7007BFA2B /* Debug */ = {
			isa = XCBuildConfiguration;
			buildSettings = {
				CODE_SIGN_STYLE = Automatic;
				DEVELOPMENT_TEAM = 3AAZ99NT52;
				ENABLE_HARDENED_RUNTIME = YES;
				PRODUCT_NAME = "$(TARGET_NAME)";
			};
			name = Debug;
		};
		DF12CD2323C765E7007BFA2B /* Release */ = {
			isa = XCBuildConfiguration;
			buildSettings = {
				CODE_SIGN_STYLE = Automatic;
				DEVELOPMENT_TEAM = 3AAZ99NT52;
				ENABLE_HARDENED_RUNTIME = YES;
				PRODUCT_NAME = "$(TARGET_NAME)";
			};
			name = Release;
		};
/* End XCBuildConfiguration section */

/* Begin XCConfigurationList section */
		DF12CD1523C765E7007BFA2B /* Build configuration list for PBXProject "BaekJoon" */ = {
			isa = XCConfigurationList;
			buildConfigurations = (
				DF12CD1F23C765E7007BFA2B /* Debug */,
				DF12CD2023C765E7007BFA2B /* Release */,
			);
			defaultConfigurationIsVisible = 0;
			defaultConfigurationName = Release;
		};
		DF12CD2123C765E7007BFA2B /* Build configuration list for PBXNativeTarget "BaekJoon" */ = {
			isa = XCConfigurationList;
			buildConfigurations = (
				DF12CD2223C765E7007BFA2B /* Debug */,
				DF12CD2323C765E7007BFA2B /* Release */,
			);
			defaultConfigurationIsVisible = 0;
			defaultConfigurationName = Release;
		};
/* End XCConfigurationList section */
	};
	rootObject = DF12CD1223C765E7007BFA2B /* Project object */;
}
