// !$*UTF8*$!
{
	archiveVersion = 1;
	classes = {
	};
	objectVersion = 50;
	objects = {

/* Begin PBXBuildFile section */
		DF12CD1E23C765E7007BFA2B /* main.cpp in Sources */ = {isa = PBXBuildFile; fileRef = DF12CD1D23C765E7007BFA2B /* main.cpp */; };
/* End PBXBuildFile section */

/* Begin PBXCopyFilesBuildPhase section */
		DF12CD1823C765E7007BFA2B /* CopyFiles */ = {
			isa = PBXCopyFilesBuildPhase;
			buildActionMask = 2147483647;
			dstPath = /usr/share/man/man1/;
			dstSubfolderSpec = 0;
			files = (
			);
			runOnlyForDeploymentPostprocessing = 1;
		};
/* End PBXCopyFilesBuildPhase section */

/* Begin PBXFileReference section */
		B52BA84E23D19BE2009DB460 /* 2007.h */ = {isa = PBXFileReference; lastKnownFileType = sourcecode.c.h; path = 2007.h; sourceTree = "<group>"; };
		B52BA84F23D19D61009DB460 /* MinMax.h */ = {isa = PBXFileReference; lastKnownFileType = sourcecode.c.h; path = MinMax.h; sourceTree = "<group>"; };
		B52BA85023D19E40009DB460 /* Bracket.h */ = {isa = PBXFileReference; lastKnownFileType = sourcecode.c.h; path = Bracket.h; sourceTree = "<group>"; };
		B52BA85123D1A181009DB460 /* ROT13.h */ = {isa = PBXFileReference; lastKnownFileType = sourcecode.c.h; path = ROT13.h; sourceTree = "<group>"; };
		B52BA85223D1A6F9009DB460 /* Combination0Count .h */ = {isa = PBXFileReference; lastKnownFileType = sourcecode.c.h; path = "Combination0Count .h"; sourceTree = "<group>"; };
		B52BA85323D35136009DB460 /* BaseConversion2 .h */ = {isa = PBXFileReference; lastKnownFileType = sourcecode.c.h; path = "BaseConversion2 .h"; sourceTree = "<group>"; };
		B52BA85423D4487B009DB460 /* CombinedDecomposition .h */ = {isa = PBXFileReference; lastKnownFileType = sourcecode.c.h; path = "CombinedDecomposition .h"; sourceTree = "<group>"; };
		B52BA85523D459D5009DB460 /* Add1_2_3.h */ = {isa = PBXFileReference; lastKnownFileType = sourcecode.c.h; path = Add1_2_3.h; sourceTree = "<group>"; };
		B5665A7C23CEE85F00D40045 /* Make_1 .h */ = {isa = PBXFileReference; lastKnownFileType = sourcecode.c.h; path = "Make_1 .h"; sourceTree = "<group>"; };
		B582143023D48BB000205D06 /* WineTasting  .h */ = {isa = PBXFileReference; lastKnownFileType = sourcecode.c.h; path = "WineTasting  .h"; sourceTree = "<group>"; };
		B5B6438823D5C8D000A01D26 /* 11722.h */ = {isa = PBXFileReference; lastKnownFileType = sourcecode.c.h; path = 11722.h; sourceTree = "<group>"; };
		DF12CD1A23C765E7007BFA2B /* BaekJoon */ = {isa = PBXFileReference; explicitFileType = "compiled.mach-o.executable"; includeInIndex = 0; path = BaekJoon; sourceTree = BUILT_PRODUCTS_DIR; };
		DF12CD1D23C765E7007BFA2B /* main.cpp */ = {isa = PBXFileReference; lastKnownFileType = sourcecode.cpp.cpp; path = main.cpp; sourceTree = "<group>"; };
/* End PBXFileReference section */

/* Begin PBXFrameworksBuildPhase section */
		DF12CD1723C765E7007BFA2B /* Frameworks */ = {
			isa = PBXFrameworksBuildPhase;
			buildActionMask = 2147483647;
			files = (
			);
			runOnlyForDeploymentPostprocessing = 0;
		};
/* End PBXFrameworksBuildPhase section */

/* Begin PBXGroup section */
		DF12CD1123C765E7007BFA2B = {
			isa = PBXGroup;
			children = (
				DF12CD1C23C765E7007BFA2B /* BaekJoon */,
				DF12CD1B23C765E7007BFA2B /* Products */,
			);
			sourceTree = "<group>";
		};
		DF12CD1B23C765E7007BFA2B /* Products */ = {
			isa = PBXGroup;
			children = (
				DF12CD1A23C765E7007BFA2B /* BaekJoon */,
			);
			name = Products;
			sourceTree = "<group>";
		};
		DF12CD1C23C765E7007BFA2B /* BaekJoon */ = {
			isa = PBXGroup;
			children = (
				DF12CD1D23C765E7007BFA2B /* main.cpp */,
				B5665A7C23CEE85F00D40045 /* Make_1 .h */,
				B52BA84E23D19BE2009DB460 /* 2007.h */,
				B52BA84F23D19D61009DB460 /* MinMax.h */,
				B52BA85023D19E40009DB460 /* Bracket.h */,
				B52BA85123D1A181009DB460 /* ROT13.h */,
				B52BA85223D1A6F9009DB460 /* Combination0Count .h */,
				B52BA85323D35136009DB460 /* BaseConversion2 .h */,
				B52BA85423D4487B009DB460 /* CombinedDecomposition .h */,
				B52BA85523D459D5009DB460 /* Add1_2_3.h */,
				B582143023D48BB000205D06 /* WineTasting  .h */,
				B5B6438823D5C8D000A01D26 /* 11722.h */,
			);
			path = BaekJoon;
			sourceTree = "<group>";
		};
/* End PBXGroup section */

/* Begin PBXNativeTarget section */
		DF12CD1923C765E7007BFA2B /* BaekJoon */ = {
			isa = PBXNativeTarget;
			buildConfigurationList = DF12CD2123C765E7007BFA2B /* Build configuration list for PBXNativeTarget "BaekJoon" */;
			buildPhases = (
				DF12CD1623C765E7007BFA2B /* Sources */,
				DF12CD1723C765E7007BFA2B /* Frameworks */,
				DF12CD1823C765E7007BFA2B /* CopyFiles */,
			);
			buildRules = (
			);
			dependencies = (
			);
			name = BaekJoon;
			productName = BaekJoon;
			productReference = DF12CD1A23C765E7007BFA2B /* BaekJoon */;
			productType = "com.apple.product-type.tool";
		};
/* End PBXNativeTarget section */

/* Begin PBXProject section */
		DF12CD1223C765E7007BFA2B /* Project object */ = {
			isa = PBXProject;
			attributes = {
				LastUpgradeCheck = 1100;
				ORGANIZATIONNAME = "Minsu Jeong";
				TargetAttributes = {
					DF12CD1923C765E7007BFA2B = {
						CreatedOnToolsVersion = 11.0;
					};
				};
			};
			buildConfigurationList = DF12CD1523C765E7007BFA2B /* Build configuration list for PBXProject "BaekJoon" */;
			compatibilityVersion = "Xcode 9.3";
			developmentRegion = en;
			hasScannedForEncodings = 0;
			knownRegions = (
				en,
				Base,
			);
			mainGroup = DF12CD1123C765E7007BFA2B;
			productRefGroup = DF12CD1B23C765E7007BFA2B /* Products */;
			projectDirPath = "";
			projectRoot = "";
			targets = (
				DF12CD1923C765E7007BFA2B /* BaekJoon */,
			);
		};
/* End PBXProject section */

/* Begin PBXSourcesBuildPhase section */
		DF12CD1623C765E7007BFA2B /* Sources */ = {
			isa = PBXSourcesBuildPhase;
			buildActionMask = 2147483647;
			files = (
				DF12CD1E23C765E7007BFA2B /* main.cpp in Sources */,
			);
			runOnlyForDeploymentPostprocessing = 0;
		};
/* End PBXSourcesBuildPhase section */

/* Begin XCBuildConfiguration section */
		DF12CD1F23C765E7007BFA2B /* Debug */ = {
			isa = XCBuildConfiguration;
			buildSettings = {
				ALWAYS_SEARCH_USER_PATHS = NO;
				CLANG_ANALYZER_NONNULL = YES;
				CLANG_ANALYZER_NUMBER_OBJECT_CONVERSION = YES_AGGRESSIVE;
				CLANG_CXX_LANGUAGE_STANDARD = "gnu++14";
				CLANG_CXX_LIBRARY = "libc++";
				CLANG_ENABLE_MODULES = YES;
				CLANG_ENABLE_OBJC_ARC = YES;
				CLANG_ENABLE_OBJC_WEAK = YES;
				CLANG_WARN_BLOCK_CAPTURE_AUTORELEASING = YES;
				CLANG_WARN_BOOL_CONVERSION = YES;
				CLANG_WARN_COMMA = YES;
				CLANG_WARN_CONSTANT_CONVERSION = YES;
				CLANG_WARN_DEPRECATED_OBJC_IMPLEMENTATIONS = YES;
				CLANG_WARN_DIRECT_OBJC_ISA_USAGE = YES_ERROR;
				CLANG_WARN_DOCUMENTATION_COMMENTS = YES;
				CLANG_WARN_EMPTY_BODY = YES;
				CLANG_WARN_ENUM_CONVERSION = YES;
				CLANG_WARN_INFINITE_RECURSION = YES;
				CLANG_WARN_INT_CONVERSION = YES;
				CLANG_WARN_NON_LITERAL_NULL_CONVERSION = YES;
				CLANG_WARN_OBJC_IMPLICIT_RETAIN_SELF = YES;
				CLANG_WARN_OBJC_LITERAL_CONVERSION = YES;
				CLANG_WARN_OBJC_ROOT_CLASS = YES_ERROR;
				CLANG_WARN_RANGE_LOOP_ANALYSIS = YES;
				CLANG_WARN_STRICT_PROTOTYPES = YES;
				CLANG_WARN_SUSPICIOUS_MOVE = YES;
				CLANG_WARN_UNGUARDED_AVAILABILITY = YES_AGGRESSIVE;
				CLANG_WARN_UNREACHABLE_CODE = YES;
				CLANG_WARN__DUPLICATE_METHOD_MATCH = YES;
				COPY_PHASE_STRIP = NO;
				DEBUG_INFORMATION_FORMAT = dwarf;
				ENABLE_STRICT_OBJC_MSGSEND = YES;
				ENABLE_TESTABILITY = YES;
				GCC_C_LANGUAGE_STANDARD = gnu11;
				GCC_DYNAMIC_NO_PIC = NO;
				GCC_NO_COMMON_BLOCKS = YES;
				GCC_OPTIMIZATION_LEVEL = 0;
				GCC_PREPROCESSOR_DEFINITIONS = (
					"DEBUG=1",
					"$(inherited)",
				);
				GCC_WARN_64_TO_32_BIT_CONVERSION = YES;
				GCC_WARN_ABOUT_RETURN_TYPE = YES_ERROR;
				GCC_WARN_UNDECLARED_SELECTOR = YES;
				GCC_WARN_UNINITIALIZED_AUTOS = YES_AGGRESSIVE;
				GCC_WARN_UNUSED_FUNCTION = YES;
				GCC_WARN_UNUSED_VARIABLE = YES;
				MACOSX_DEPLOYMENT_TARGET = 10.14;
				MTL_ENABLE_DEBUG_INFO = INCLUDE_SOURCE;
				MTL_FAST_MATH = YES;
				ONLY_ACTIVE_ARCH = YES;
				SDKROOT = macosx;
			};
			name = Debug;
		};
		DF12CD2023C765E7007BFA2B /* Release */ = {
			isa = XCBuildConfiguration;
			buildSettings = {
				ALWAYS_SEARCH_USER_PATHS = NO;
				CLANG_ANALYZER_NONNULL = YES;
				CLANG_ANALYZER_NUMBER_OBJECT_CONVERSION = YES_AGGRESSIVE;
				CLANG_CXX_LANGUAGE_STANDARD = "gnu++14";
				CLANG_CXX_LIBRARY = "libc++";
				CLANG_ENABLE_MODULES = YES;
				CLANG_ENABLE_OBJC_ARC = YES;
				CLANG_ENABLE_OBJC_WEAK = YES;
				CLANG_WARN_BLOCK_CAPTURE_AUTORELEASING = YES;
				CLANG_WARN_BOOL_CONVERSION = YES;
				CLANG_WARN_COMMA = YES;
				CLANG_WARN_CONSTANT_CONVERSION = YES;
				CLANG_WARN_DEPRECATED_OBJC_IMPLEMENTATIONS = YES;
				CLANG_WARN_DIRECT_OBJC_ISA_USAGE = YES_ERROR;
				CLANG_WARN_DOCUMENTATION_COMMENTS = YES;
				CLANG_WARN_EMPTY_BODY = YES;
				CLANG_WARN_ENUM_CONVERSION = YES;
				CLANG_WARN_INFINITE_RECURSION = YES;
				CLANG_WARN_INT_CONVERSION = YES;
				CLANG_WARN_NON_LITERAL_NULL_CONVERSION = YES;
				CLANG_WARN_OBJC_IMPLICIT_RETAIN_SELF = YES;
				CLANG_WARN_OBJC_LITERAL_CONVERSION = YES;
				CLANG_WARN_OBJC_ROOT_CLASS = YES_ERROR;
				CLANG_WARN_RANGE_LOOP_ANALYSIS = YES;
				CLANG_WARN_STRICT_PROTOTYPES = YES;
				CLANG_WARN_SUSPICIOUS_MOVE = YES;
				CLANG_WARN_UNGUARDED_AVAILABILITY = YES_AGGRESSIVE;
				CLANG_WARN_UNREACHABLE_CODE = YES;
				CLANG_WARN__DUPLICATE_METHOD_MATCH = YES;
				COPY_PHASE_STRIP = NO;
				DEBUG_INFORMATION_FORMAT = "dwarf-with-dsym";
				ENABLE_NS_ASSERTIONS = NO;
				ENABLE_STRICT_OBJC_MSGSEND = YES;
				GCC_C_LANGUAGE_STANDARD = gnu11;
				GCC_NO_COMMON_BLOCKS = YES;
				GCC_WARN_64_TO_32_BIT_CONVERSION = YES;
				GCC_WARN_ABOUT_RETURN_TYPE = YES_ERROR;
				GCC_WARN_UNDECLARED_SELECTOR = YES;
				GCC_WARN_UNINITIALIZED_AUTOS = YES_AGGRESSIVE;
				GCC_WARN_UNUSED_FUNCTION = YES;
				GCC_WARN_UNUSED_VARIABLE = YES;
				MACOSX_DEPLOYMENT_TARGET = 10.14;
				MTL_ENABLE_DEBUG_INFO = NO;
				MTL_FAST_MATH = YES;
				SDKROOT = macosx;
			};
			name = Release;
		};
		DF12CD2223C765E7007BFA2B /* Debug */ = {
			isa = XCBuildConfiguration;
			buildSettings = {
				CODE_SIGN_STYLE = Automatic;
				DEVELOPMENT_TEAM = 3AAZ99NT52;
				ENABLE_HARDENED_RUNTIME = YES;
				PRODUCT_NAME = "$(TARGET_NAME)";
			};
			name = Debug;
		};
		DF12CD2323C765E7007BFA2B /* Release */ = {
			isa = XCBuildConfiguration;
			buildSettings = {
				CODE_SIGN_STYLE = Automatic;
				DEVELOPMENT_TEAM = 3AAZ99NT52;
				ENABLE_HARDENED_RUNTIME = YES;
				PRODUCT_NAME = "$(TARGET_NAME)";
			};
			name = Release;
		};
/* End XCBuildConfiguration section */

/* Begin XCConfigurationList section */
		DF12CD1523C765E7007BFA2B /* Build configuration list for PBXProject "BaekJoon" */ = {
			isa = XCConfigurationList;
			buildConfigurations = (
				DF12CD1F23C765E7007BFA2B /* Debug */,
				DF12CD2023C765E7007BFA2B /* Release */,
			);
			defaultConfigurationIsVisible = 0;
			defaultConfigurationName = Release;
		};
		DF12CD2123C765E7007BFA2B /* Build configuration list for PBXNativeTarget "BaekJoon" */ = {
			isa = XCConfigurationList;
			buildConfigurations = (
				DF12CD2223C765E7007BFA2B /* Debug */,
				DF12CD2323C765E7007BFA2B /* Release */,
			);
			defaultConfigurationIsVisible = 0;
			defaultConfigurationName = Release;
		};
/* End XCConfigurationList section */
	};
	rootObject = DF12CD1223C765E7007BFA2B /* Project object */;
}
